
Microsoft Visual Studio Solution File, Format Version 12.00
# Visual Studio 15
VisualStudioVersion = 15.0.28307.271
MinimumVisualStudioVersion = 10.0.40219.1
Project("{8BC9CEB8-8B4A-11D0-8D11-00A0C91BC942}") = "MyMFC_PlayingCard", "MyMFC_PlayingCard\MyMFC_PlayingCard.vcxproj", "{E76B172A-52CC-40CE-B420-9D66E13C6904}"
EndProject
Project("{54435603-DBB4-11D2-8724-00A0C9A8B90C}") = "Setup1", "Setup1\Setup1.vdproj", "{7B134993-2347-413A-9B29-D9650E926D7A}"
EndProject
Global
	GlobalSection(SolutionConfigurationPlatforms) = preSolution
		Debug|Win32 = Debug|Win32
		Release|Win32 = Release|Win32
	EndGlobalSection
	GlobalSection(ProjectConfigurationPlatforms) = postSolution
		{E76B172A-52CC-40CE-B420-9D66E13C6904}.Debug|Win32.ActiveCfg = Debug|Win32
		{E76B172A-52CC-40CE-B420-9D66E13C6904}.Debug|Win32.Build.0 = Debug|Win32
		{E76B172A-52CC-40CE-B420-9D66E13C6904}.Release|Win32.ActiveCfg = Release|Win32
		{E76B172A-52CC-40CE-B420-9D66E13C6904}.Release|Win32.Build.0 = Release|Win32
		{7B134993-2347-413A-9B29-D9650E926D7A}.Debug|Win32.ActiveCfg = Debug
		{7B134993-2347-413A-9B29-D9650E926D7A}.Release|Win32.ActiveCfg = Release
	EndGlobalSection
	GlobalSection(SolutionProperties) = preSolution
		HideSolutionNode = FALSE
	EndGlobalSection
	GlobalSection(ExtensibilityGlobals) = postSolution
		SolutionGuid = {47D11350-CB30-4E9B-B8C4-96B0EC756C9E}
	EndGlobalSection
EndGlobal
